
Microsoft Visual Studio Solution File, Format Version 12.00
# Visual Studio Version 17
VisualStudioVersion = 17.11.35312.102
MinimumVisualStudioVersion = 10.0.40219.1
Project("{FAE04EC0-301F-11D3-BF4B-00C04F79EFBC}") = "Actuar2", "Actuar2\Actuar2.csproj", "{55D3B280-D4B4-4A1A-A9E9-F4D45B4F6C2E}"
EndProject
Global
	GlobalSection(SolutionConfigurationPlatforms) = preSolution
		Debug|Any CPU = Debug|Any CPU
		Release|Any CPU = Release|Any CPU
	EndGlobalSection
	GlobalSection(ProjectConfigurationPlatforms) = postSolution
		{55D3B280-D4B4-4A1A-A9E9-F4D45B4F6C2E}.Debug|Any CPU.ActiveCfg = Debug|Any CPU
		{55D3B280-D4B4-4A1A-A9E9-F4D45B4F6C2E}.Debug|Any CPU.Build.0 = Debug|Any CPU
		{55D3B280-D4B4-4A1A-A9E9-F4D45B4F6C2E}.Release|Any CPU.ActiveCfg = Release|Any CPU
		{55D3B280-D4B4-4A1A-A9E9-F4D45B4F6C2E}.Release|Any CPU.Build.0 = Release|Any CPU
	EndGlobalSection
	GlobalSection(SolutionProperties) = preSolution
		HideSolutionNode = FALSE
	EndGlobalSection
	GlobalSection(ExtensibilityGlobals) = postSolution
		SolutionGuid = {577FCA9A-FF49-422C-B9B7-CB7C2F5C6B0A}
	EndGlobalSection
EndGlobal
